
Microsoft Visual Studio Solution File, Format Version 12.00
# Visual Studio Version 16
VisualStudioVersion = 16.0.30406.217
MinimumVisualStudioVersion = 10.0.40219.1
Project("{FAE04EC0-301F-11D3-BF4B-00C04F79EFBC}") = "HTarray5", "HTarray5\HTarray5.csproj", "{6813B6F6-F867-42C7-8F0E-52E46326CE79}"
EndProject
Global
	GlobalSection(SolutionConfigurationPlatforms) = preSolution
		Debug|Any CPU = Debug|Any CPU
		Release|Any CPU = Release|Any CPU
	EndGlobalSection
	GlobalSection(ProjectConfigurationPlatforms) = postSolution
		{6813B6F6-F867-42C7-8F0E-52E46326CE79}.Debug|Any CPU.ActiveCfg = Debug|Any CPU
		{6813B6F6-F867-42C7-8F0E-52E46326CE79}.Debug|Any CPU.Build.0 = Debug|Any CPU
		{6813B6F6-F867-42C7-8F0E-52E46326CE79}.Release|Any CPU.ActiveCfg = Release|Any CPU
		{6813B6F6-F867-42C7-8F0E-52E46326CE79}.Release|Any CPU.Build.0 = Release|Any CPU
	EndGlobalSection
	GlobalSection(SolutionProperties) = preSolution
		HideSolutionNode = FALSE
	EndGlobalSection
	GlobalSection(ExtensibilityGlobals) = postSolution
		SolutionGuid = {BAB8B910-51A7-4182-8C10-12C4F62DC263}
	EndGlobalSection
EndGlobal
